// !$*UTF8*$!
{
	archiveVersion = 1;
	classes = {
	};
	objectVersion = 56;
	objects = {

/* Begin PBXBuildFile section */
		3F0A90FA2BB9FC71005A0907 /* subjects.swift in Sources */ = {isa = PBXBuildFile; fileRef = 3F0A90F92BB9FC71005A0907 /* subjects.swift */; };
		3F0A90FC2BBB37DE005A0907 /* CircleImage.swift in Sources */ = {isa = PBXBuildFile; fileRef = 3F0A90FB2BBB37DE005A0907 /* CircleImage.swift */; };
		3F0A90FE2BBB384C005A0907 /* MapView.swift in Sources */ = {isa = PBXBuildFile; fileRef = 3F0A90FD2BBB384C005A0907 /* MapView.swift */; };
		3F0A91002BBB3C4C005A0907 /* landmarkData.json in Resources */ = {isa = PBXBuildFile; fileRef = 3F0A90FF2BBB3C4C005A0907 /* landmarkData.json */; };
		3F0A91022BBB3CCA005A0907 /* Landmark.swift in Sources */ = {isa = PBXBuildFile; fileRef = 3F0A91012BBB3CCA005A0907 /* Landmark.swift */; };
		3F0A91042BBB3DBE005A0907 /* ModelData.swift in Sources */ = {isa = PBXBuildFile; fileRef = 3F0A91032BBB3DBE005A0907 /* ModelData.swift */; };
		3F0A91062BBB3E6B005A0907 /* LandmarkRow.swift in Sources */ = {isa = PBXBuildFile; fileRef = 3F0A91052BBB3E6B005A0907 /* LandmarkRow.swift */; };
		3F0A91082BBB3F1E005A0907 /* LandmarkList.swift in Sources */ = {isa = PBXBuildFile; fileRef = 3F0A91072BBB3F1E005A0907 /* LandmarkList.swift */; };
		3F0A910A2BBB3FBC005A0907 /* LandmarkDetail.swift in Sources */ = {isa = PBXBuildFile; fileRef = 3F0A91092BBB3FBC005A0907 /* LandmarkDetail.swift */; };
		3F0A910C2BBB43E8005A0907 /* FavoriteButton.swift in Sources */ = {isa = PBXBuildFile; fileRef = 3F0A910B2BBB43E8005A0907 /* FavoriteButton.swift */; };
		3F567EBB2BB9F81900C4DB61 /* chapter01App.swift in Sources */ = {isa = PBXBuildFile; fileRef = 3F567EBA2BB9F81900C4DB61 /* chapter01App.swift */; };
		3F567EBD2BB9F81900C4DB61 /* ContentView.swift in Sources */ = {isa = PBXBuildFile; fileRef = 3F567EBC2BB9F81900C4DB61 /* ContentView.swift */; };
		3F567EBF2BB9F81B00C4DB61 /* Assets.xcassets in Resources */ = {isa = PBXBuildFile; fileRef = 3F567EBE2BB9F81B00C4DB61 /* Assets.xcassets */; };
		3F567EC22BB9F81B00C4DB61 /* Preview Assets.xcassets in Resources */ = {isa = PBXBuildFile; fileRef = 3F567EC12BB9F81B00C4DB61 /* Preview Assets.xcassets */; };
		3F567EC42BB9F81B00C4DB61 /* Persistence.swift in Sources */ = {isa = PBXBuildFile; fileRef = 3F567EC32BB9F81B00C4DB61 /* Persistence.swift */; };
		3F567EC72BB9F81B00C4DB61 /* chapter01.xcdatamodeld in Sources */ = {isa = PBXBuildFile; fileRef = 3F567EC52BB9F81B00C4DB61 /* chapter01.xcdatamodeld */; };
		3F567ED12BB9F81C00C4DB61 /* chapter01Tests.swift in Sources */ = {isa = PBXBuildFile; fileRef = 3F567ED02BB9F81C00C4DB61 /* chapter01Tests.swift */; };
		3F567EDB2BB9F81C00C4DB61 /* chapter01UITests.swift in Sources */ = {isa = PBXBuildFile; fileRef = 3F567EDA2BB9F81C00C4DB61 /* chapter01UITests.swift */; };
		3F567EDD2BB9F81C00C4DB61 /* chapter01UITestsLaunchTests.swift in Sources */ = {isa = PBXBuildFile; fileRef = 3F567EDC2BB9F81C00C4DB61 /* chapter01UITestsLaunchTests.swift */; };
/* End PBXBuildFile section */

/* Begin PBXContainerItemProxy section */
		3F567ECD2BB9F81C00C4DB61 /* PBXContainerItemProxy */ = {
			isa = PBXContainerItemProxy;
			containerPortal = 3F567EAF2BB9F81900C4DB61 /* Project object */;
			proxyType = 1;
			remoteGlobalIDString = 3F567EB62BB9F81900C4DB61;
			remoteInfo = chapter01;
		};
		3F567ED72BB9F81C00C4DB61 /* PBXContainerItemProxy */ = {
			isa = PBXContainerItemProxy;
			containerPortal = 3F567EAF2BB9F81900C4DB61 /* Project object */;
			proxyType = 1;
			remoteGlobalIDString = 3F567EB62BB9F81900C4DB61;
			remoteInfo = chapter01;
		};
/* End PBXContainerItemProxy section */

/* Begin PBXFileReference section */
		3F0A90F92BB9FC71005A0907 /* subjects.swift */ = {isa = PBXFileReference; lastKnownFileType = sourcecode.swift; path = subjects.swift; sourceTree = "<group>"; };
		3F0A90FB2BBB37DE005A0907 /* CircleImage.swift */ = {isa = PBXFileReference; lastKnownFileType = sourcecode.swift; path = CircleImage.swift; sourceTree = "<group>"; };
		3F0A90FD2BBB384C005A0907 /* MapView.swift */ = {isa = PBXFileReference; lastKnownFileType = sourcecode.swift; path = MapView.swift; sourceTree = "<group>"; };
		3F0A90FF2BBB3C4C005A0907 /* landmarkData.json */ = {isa = PBXFileReference; fileEncoding = 4; lastKnownFileType = text.json; path = landmarkData.json; sourceTree = "<group>"; };
		3F0A91012BBB3CCA005A0907 /* Landmark.swift */ = {isa = PBXFileReference; lastKnownFileType = sourcecode.swift; path = Landmark.swift; sourceTree = "<group>"; };
		3F0A91032BBB3DBE005A0907 /* ModelData.swift */ = {isa = PBXFileReference; lastKnownFileType = sourcecode.swift; path = ModelData.swift; sourceTree = "<group>"; };
		3F0A91052BBB3E6B005A0907 /* LandmarkRow.swift */ = {isa = PBXFileReference; lastKnownFileType = sourcecode.swift; path = LandmarkRow.swift; sourceTree = "<group>"; };
		3F0A91072BBB3F1E005A0907 /* LandmarkList.swift */ = {isa = PBXFileReference; lastKnownFileType = sourcecode.swift; path = LandmarkList.swift; sourceTree = "<group>"; };
		3F0A91092BBB3FBC005A0907 /* LandmarkDetail.swift */ = {isa = PBXFileReference; lastKnownFileType = sourcecode.swift; path = LandmarkDetail.swift; sourceTree = "<group>"; };
		3F0A910B2BBB43E8005A0907 /* FavoriteButton.swift */ = {isa = PBXFileReference; lastKnownFileType = sourcecode.swift; path = FavoriteButton.swift; sourceTree = "<group>"; };
		3F567EB72BB9F81900C4DB61 /* chapter01.app */ = {isa = PBXFileReference; explicitFileType = wrapper.application; includeInIndex = 0; path = chapter01.app; sourceTree = BUILT_PRODUCTS_DIR; };
		3F567EBA2BB9F81900C4DB61 /* chapter01App.swift */ = {isa = PBXFileReference; lastKnownFileType = sourcecode.swift; path = chapter01App.swift; sourceTree = "<group>"; };
		3F567EBC2BB9F81900C4DB61 /* ContentView.swift */ = {isa = PBXFileReference; lastKnownFileType = sourcecode.swift; path = ContentView.swift; sourceTree = "<group>"; };
		3F567EBE2BB9F81B00C4DB61 /* Assets.xcassets */ = {isa = PBXFileReference; lastKnownFileType = folder.assetcatalog; path = Assets.xcassets; sourceTree = "<group>"; };
		3F567EC12BB9F81B00C4DB61 /* Preview Assets.xcassets */ = {isa = PBXFileReference; lastKnownFileType = folder.assetcatalog; path = "Preview Assets.xcassets"; sourceTree = "<group>"; };
		3F567EC32BB9F81B00C4DB61 /* Persistence.swift */ = {isa = PBXFileReference; lastKnownFileType = sourcecode.swift; path = Persistence.swift; sourceTree = "<group>"; };
		3F567EC62BB9F81B00C4DB61 /* chapter01.xcdatamodel */ = {isa = PBXFileReference; lastKnownFileType = wrapper.xcdatamodel; path = chapter01.xcdatamodel; sourceTree = "<group>"; };
		3F567ECC2BB9F81C00C4DB61 /* chapter01Tests.xctest */ = {isa = PBXFileReference; explicitFileType = wrapper.cfbundle; includeInIndex = 0; path = chapter01Tests.xctest; sourceTree = BUILT_PRODUCTS_DIR; };
		3F567ED02BB9F81C00C4DB61 /* chapter01Tests.swift */ = {isa = PBXFileReference; lastKnownFileType = sourcecode.swift; path = chapter01Tests.swift; sourceTree = "<group>"; };
		3F567ED62BB9F81C00C4DB61 /* chapter01UITests.xctest */ = {isa = PBXFileReference; explicitFileType = wrapper.cfbundle; includeInIndex = 0; path = chapter01UITests.xctest; sourceTree = BUILT_PRODUCTS_DIR; };
		3F567EDA2BB9F81C00C4DB61 /* chapter01UITests.swift */ = {isa = PBXFileReference; lastKnownFileType = sourcecode.swift; path = chapter01UITests.swift; sourceTree = "<group>"; };
		3F567EDC2BB9F81C00C4DB61 /* chapter01UITestsLaunchTests.swift */ = {isa = PBXFileReference; lastKnownFileType = sourcecode.swift; path = chapter01UITestsLaunchTests.swift; sourceTree = "<group>"; };
/* End PBXFileReference section */

/* Begin PBXFrameworksBuildPhase section */
		3F567EB42BB9F81900C4DB61 /* Frameworks */ = {
			isa = PBXFrameworksBuildPhase;
			buildActionMask = 2147483647;
			files = (
			);
			runOnlyForDeploymentPostprocessing = 0;
		};
		3F567EC92BB9F81C00C4DB61 /* Frameworks */ = {
			isa = PBXFrameworksBuildPhase;
			buildActionMask = 2147483647;
			files = (
			);
			runOnlyForDeploymentPostprocessing = 0;
		};
		3F567ED32BB9F81C00C4DB61 /* Frameworks */ = {
			isa = PBXFrameworksBuildPhase;
			buildActionMask = 2147483647;
			files = (
			);
			runOnlyForDeploymentPostprocessing = 0;
		};
/* End PBXFrameworksBuildPhase section */

/* Begin PBXGroup section */
		3F567EAE2BB9F81900C4DB61 = {
			isa = PBXGroup;
			children = (
				3F567EB92BB9F81900C4DB61 /* chapter01 */,
				3F567ECF2BB9F81C00C4DB61 /* chapter01Tests */,
				3F567ED92BB9F81C00C4DB61 /* chapter01UITests */,
				3F567EB82BB9F81900C4DB61 /* Products */,
			);
			sourceTree = "<group>";
		};
		3F567EB82BB9F81900C4DB61 /* Products */ = {
			isa = PBXGroup;
			children = (
				3F567EB72BB9F81900C4DB61 /* chapter01.app */,
				3F567ECC2BB9F81C00C4DB61 /* chapter01Tests.xctest */,
				3F567ED62BB9F81C00C4DB61 /* chapter01UITests.xctest */,
			);
			name = Products;
			sourceTree = "<group>";
		};
		3F567EB92BB9F81900C4DB61 /* chapter01 */ = {
			isa = PBXGroup;
			children = (
				3F0A90FF2BBB3C4C005A0907 /* landmarkData.json */,
				3F567EBA2BB9F81900C4DB61 /* chapter01App.swift */,
				3F567EBC2BB9F81900C4DB61 /* ContentView.swift */,
				3F567EBE2BB9F81B00C4DB61 /* Assets.xcassets */,
				3F567EC32BB9F81B00C4DB61 /* Persistence.swift */,
				3F567EC52BB9F81B00C4DB61 /* chapter01.xcdatamodeld */,
				3F567EC02BB9F81B00C4DB61 /* Preview Content */,
				3F0A90FB2BBB37DE005A0907 /* CircleImage.swift */,
				3F0A90FD2BBB384C005A0907 /* MapView.swift */,
				3F0A91012BBB3CCA005A0907 /* Landmark.swift */,
				3F0A91032BBB3DBE005A0907 /* ModelData.swift */,
				3F0A91052BBB3E6B005A0907 /* LandmarkRow.swift */,
				3F0A91072BBB3F1E005A0907 /* LandmarkList.swift */,
				3F0A91092BBB3FBC005A0907 /* LandmarkDetail.swift */,
				3F0A910B2BBB43E8005A0907 /* FavoriteButton.swift */,
			);
			path = chapter01;
			sourceTree = "<group>";
		};
		3F567EC02BB9F81B00C4DB61 /* Preview Content */ = {
			isa = PBXGroup;
			children = (
				3F567EC12BB9F81B00C4DB61 /* Preview Assets.xcassets */,
				3F0A90F92BB9FC71005A0907 /* subjects.swift */,
			);
			path = "Preview Content";
			sourceTree = "<group>";
		};
		3F567ECF2BB9F81C00C4DB61 /* chapter01Tests */ = {
			isa = PBXGroup;
			children = (
				3F567ED02BB9F81C00C4DB61 /* chapter01Tests.swift */,
			);
			path = chapter01Tests;
			sourceTree = "<group>";
		};
		3F567ED92BB9F81C00C4DB61 /* chapter01UITests */ = {
			isa = PBXGroup;
			children = (
				3F567EDA2BB9F81C00C4DB61 /* chapter01UITests.swift */,
				3F567EDC2BB9F81C00C4DB61 /* chapter01UITestsLaunchTests.swift */,
			);
			path = chapter01UITests;
			sourceTree = "<group>";
		};
/* End PBXGroup section */

/* Begin PBXNativeTarget section */
		3F567EB62BB9F81900C4DB61 /* chapter01 */ = {
			isa = PBXNativeTarget;
			buildConfigurationList = 3F567EE02BB9F81C00C4DB61 /* Build configuration list for PBXNativeTarget "chapter01" */;
			buildPhases = (
				3F567EB32BB9F81900C4DB61 /* Sources */,
				3F567EB42BB9F81900C4DB61 /* Frameworks */,
				3F567EB52BB9F81900C4DB61 /* Resources */,
			);
			buildRules = (
			);
			dependencies = (
			);
			name = chapter01;
			productName = chapter01;
			productReference = 3F567EB72BB9F81900C4DB61 /* chapter01.app */;
			productType = "com.apple.product-type.application";
		};
		3F567ECB2BB9F81C00C4DB61 /* chapter01Tests */ = {
			isa = PBXNativeTarget;
			buildConfigurationList = 3F567EE32BB9F81C00C4DB61 /* Build configuration list for PBXNativeTarget "chapter01Tests" */;
			buildPhases = (
				3F567EC82BB9F81C00C4DB61 /* Sources */,
				3F567EC92BB9F81C00C4DB61 /* Frameworks */,
				3F567ECA2BB9F81C00C4DB61 /* Resources */,
			);
			buildRules = (
			);
			dependencies = (
				3F567ECE2BB9F81C00C4DB61 /* PBXTargetDependency */,
			);
			name = chapter01Tests;
			productName = chapter01Tests;
			productReference = 3F567ECC2BB9F81C00C4DB61 /* chapter01Tests.xctest */;
			productType = "com.apple.product-type.bundle.unit-test";
		};
		3F567ED52BB9F81C00C4DB61 /* chapter01UITests */ = {
			isa = PBXNativeTarget;
			buildConfigurationList = 3F567EE62BB9F81C00C4DB61 /* Build configuration list for PBXNativeTarget "chapter01UITests" */;
			buildPhases = (
				3F567ED22BB9F81C00C4DB61 /* Sources */,
				3F567ED32BB9F81C00C4DB61 /* Frameworks */,
				3F567ED42BB9F81C00C4DB61 /* Resources */,
			);
			buildRules = (
			);
			dependencies = (
				3F567ED82BB9F81C00C4DB61 /* PBXTargetDependency */,
			);
			name = chapter01UITests;
			productName = chapter01UITests;
			productReference = 3F567ED62BB9F81C00C4DB61 /* chapter01UITests.xctest */;
			productType = "com.apple.product-type.bundle.ui-testing";
		};
/* End PBXNativeTarget section */

/* Begin PBXProject section */
		3F567EAF2BB9F81900C4DB61 /* Project object */ = {
			isa = PBXProject;
			attributes = {
				BuildIndependentTargetsInParallel = 1;
				LastSwiftUpdateCheck = 1520;
				LastUpgradeCheck = 1520;
				TargetAttributes = {
					3F567EB62BB9F81900C4DB61 = {
						CreatedOnToolsVersion = 15.2;
					};
					3F567ECB2BB9F81C00C4DB61 = {
						CreatedOnToolsVersion = 15.2;
						TestTargetID = 3F567EB62BB9F81900C4DB61;
					};
					3F567ED52BB9F81C00C4DB61 = {
						CreatedOnToolsVersion = 15.2;
						TestTargetID = 3F567EB62BB9F81900C4DB61;
					};
				};
			};
			buildConfigurationList = 3F567EB22BB9F81900C4DB61 /* Build configuration list for PBXProject "chapter01" */;
			compatibilityVersion = "Xcode 14.0";
			developmentRegion = en;
			hasScannedForEncodings = 0;
			knownRegions = (
				en,
				Base,
			);
			mainGroup = 3F567EAE2BB9F81900C4DB61;
			productRefGroup = 3F567EB82BB9F81900C4DB61 /* Products */;
			projectDirPath = "";
			projectRoot = "";
			targets = (
				3F567EB62BB9F81900C4DB61 /* chapter01 */,
				3F567ECB2BB9F81C00C4DB61 /* chapter01Tests */,
				3F567ED52BB9F81C00C4DB61 /* chapter01UITests */,
			);
		};
/* End PBXProject section */

/* Begin PBXResourcesBuildPhase section */
		3F567EB52BB9F81900C4DB61 /* Resources */ = {
			isa = PBXResourcesBuildPhase;
			buildActionMask = 2147483647;
			files = (
				3F567EC22BB9F81B00C4DB61 /* Preview Assets.xcassets in Resources */,
				3F567EBF2BB9F81B00C4DB61 /* Assets.xcassets in Resources */,
				3F0A91002BBB3C4C005A0907 /* landmarkData.json in Resources */,
			);
			runOnlyForDeploymentPostprocessing = 0;
		};
		3F567ECA2BB9F81C00C4DB61 /* Resources */ = {
			isa = PBXResourcesBuildPhase;
			buildActionMask = 2147483647;
			files = (
			);
			runOnlyForDeploymentPostprocessing = 0;
		};
		3F567ED42BB9F81C00C4DB61 /* Resources */ = {
			isa = PBXResourcesBuildPhase;
			buildActionMask = 2147483647;
			files = (
			);
			runOnlyForDeploymentPostprocessing = 0;
		};
/* End PBXResourcesBuildPhase section */

/* Begin PBXSourcesBuildPhase section */
		3F567EB32BB9F81900C4DB61 /* Sources */ = {
			isa = PBXSourcesBuildPhase;
			buildActionMask = 2147483647;
			files = (
				3F0A90FE2BBB384C005A0907 /* MapView.swift in Sources */,
				3F0A91082BBB3F1E005A0907 /* LandmarkList.swift in Sources */,
				3F567EC42BB9F81B00C4DB61 /* Persistence.swift in Sources */,
				3F0A91042BBB3DBE005A0907 /* ModelData.swift in Sources */,
				3F0A910A2BBB3FBC005A0907 /* LandmarkDetail.swift in Sources */,
				3F567EBD2BB9F81900C4DB61 /* ContentView.swift in Sources */,
				3F0A91022BBB3CCA005A0907 /* Landmark.swift in Sources */,
				3F567EC72BB9F81B00C4DB61 /* chapter01.xcdatamodeld in Sources */,
				3F0A90FA2BB9FC71005A0907 /* subjects.swift in Sources */,
				3F567EBB2BB9F81900C4DB61 /* chapter01App.swift in Sources */,
				3F0A91062BBB3E6B005A0907 /* LandmarkRow.swift in Sources */,
				3F0A90FC2BBB37DE005A0907 /* CircleImage.swift in Sources */,
				3F0A910C2BBB43E8005A0907 /* FavoriteButton.swift in Sources */,
			);
			runOnlyForDeploymentPostprocessing = 0;
		};
		3F567EC82BB9F81C00C4DB61 /* Sources */ = {
			isa = PBXSourcesBuildPhase;
			buildActionMask = 2147483647;
			files = (
				3F567ED12BB9F81C00C4DB61 /* chapter01Tests.swift in Sources */,
			);
			runOnlyForDeploymentPostprocessing = 0;
		};
		3F567ED22BB9F81C00C4DB61 /* Sources */ = {
			isa = PBXSourcesBuildPhase;
			buildActionMask = 2147483647;
			files = (
				3F567EDB2BB9F81C00C4DB61 /* chapter01UITests.swift in Sources */,
				3F567EDD2BB9F81C00C4DB61 /* chapter01UITestsLaunchTests.swift in Sources */,
			);
			runOnlyForDeploymentPostprocessing = 0;
		};
/* End PBXSourcesBuildPhase section */

/* Begin PBXTargetDependency section */
		3F567ECE2BB9F81C00C4DB61 /* PBXTargetDependency */ = {
			isa = PBXTargetDependency;
			target = 3F567EB62BB9F81900C4DB61 /* chapter01 */;
			targetProxy = 3F567ECD2BB9F81C00C4DB61 /* PBXContainerItemProxy */;
		};
		3F567ED82BB9F81C00C4DB61 /* PBXTargetDependency */ = {
			isa = PBXTargetDependency;
			target = 3F567EB62BB9F81900C4DB61 /* chapter01 */;
			targetProxy = 3F567ED72BB9F81C00C4DB61 /* PBXContainerItemProxy */;
		};
/* End PBXTargetDependency section */

/* Begin XCBuildConfiguration section */
		3F567EDE2BB9F81C00C4DB61 /* Debug */ = {
			isa = XCBuildConfiguration;
			buildSettings = {
				ALWAYS_SEARCH_USER_PATHS = NO;
				ASSETCATALOG_COMPILER_GENERATE_SWIFT_ASSET_SYMBOL_EXTENSIONS = YES;
				CLANG_ANALYZER_NONNULL = YES;
				CLANG_ANALYZER_NUMBER_OBJECT_CONVERSION = YES_AGGRESSIVE;
				CLANG_CXX_LANGUAGE_STANDARD = "gnu++20";
				CLANG_ENABLE_MODULES = YES;
				CLANG_ENABLE_OBJC_ARC = YES;
				CLANG_ENABLE_OBJC_WEAK = YES;
				CLANG_WARN_BLOCK_CAPTURE_AUTORELEASING = YES;
				CLANG_WARN_BOOL_CONVERSION = YES;
				CLANG_WARN_COMMA = YES;
				CLANG_WARN_CONSTANT_CONVERSION = YES;
				CLANG_WARN_DEPRECATED_OBJC_IMPLEMENTATIONS = YES;
				CLANG_WARN_DIRECT_OBJC_ISA_USAGE = YES_ERROR;
				CLANG_WARN_DOCUMENTATION_COMMENTS = YES;
				CLANG_WARN_EMPTY_BODY = YES;
				CLANG_WARN_ENUM_CONVERSION = YES;
				CLANG_WARN_INFINITE_RECURSION = YES;
				CLANG_WARN_INT_CONVERSION = YES;
				CLANG_WARN_NON_LITERAL_NULL_CONVERSION = YES;
				CLANG_WARN_OBJC_IMPLICIT_RETAIN_SELF = YES;
				CLANG_WARN_OBJC_LITERAL_CONVERSION = YES;
				CLANG_WARN_OBJC_ROOT_CLASS = YES_ERROR;
				CLANG_WARN_QUOTED_INCLUDE_IN_FRAMEWORK_HEADER = YES;
				CLANG_WARN_RANGE_LOOP_ANALYSIS = YES;
				CLANG_WARN_STRICT_PROTOTYPES = YES;
				CLANG_WARN_SUSPICIOUS_MOVE = YES;
				CLANG_WARN_UNGUARDED_AVAILABILITY = YES_AGGRESSIVE;
				CLANG_WARN_UNREACHABLE_CODE = YES;
				CLANG_WARN__DUPLICATE_METHOD_MATCH = YES;
				COPY_PHASE_STRIP = NO;
				DEBUG_INFORMATION_FORMAT = dwarf;
				ENABLE_STRICT_OBJC_MSGSEND = YES;
				ENABLE_TESTABILITY = YES;
				ENABLE_USER_SCRIPT_SANDBOXING = YES;
				GCC_C_LANGUAGE_STANDARD = gnu17;
				GCC_DYNAMIC_NO_PIC = NO;
				GCC_NO_COMMON_BLOCKS = YES;
				GCC_OPTIMIZATION_LEVEL = 0;
				GCC_PREPROCESSOR_DEFINITIONS = (
					"DEBUG=1",
					"$(inherited)",
				);
				GCC_WARN_64_TO_32_BIT_CONVERSION = YES;
				GCC_WARN_ABOUT_RETURN_TYPE = YES_ERROR;
				GCC_WARN_UNDECLARED_SELECTOR = YES;
				GCC_WARN_UNINITIALIZED_AUTOS = YES_AGGRESSIVE;
				GCC_WARN_UNUSED_FUNCTION = YES;
				GCC_WARN_UNUSED_VARIABLE = YES;
				IPHONEOS_DEPLOYMENT_TARGET = 17.2;
				LOCALIZATION_PREFERS_STRING_CATALOGS = YES;
				MTL_ENABLE_DEBUG_INFO = INCLUDE_SOURCE;
				MTL_FAST_MATH = YES;
				ONLY_ACTIVE_ARCH = YES;
				SDKROOT = iphoneos;
				SWIFT_ACTIVE_COMPILATION_CONDITIONS = "DEBUG $(inherited)";
				SWIFT_OPTIMIZATION_LEVEL = "-Onone";
			};
			name = Debug;
		};
		3F567EDF2BB9F81C00C4DB61 /* Release */ = {
			isa = XCBuildConfiguration;
			buildSettings = {
				ALWAYS_SEARCH_USER_PATHS = NO;
				ASSETCATALOG_COMPILER_GENERATE_SWIFT_ASSET_SYMBOL_EXTENSIONS = YES;
				CLANG_ANALYZER_NONNULL = YES;
				CLANG_ANALYZER_NUMBER_OBJECT_CONVERSION = YES_AGGRESSIVE;
				CLANG_CXX_LANGUAGE_STANDARD = "gnu++20";
				CLANG_ENABLE_MODULES = YES;
				CLANG_ENABLE_OBJC_ARC = YES;
				CLANG_ENABLE_OBJC_WEAK = YES;
				CLANG_WARN_BLOCK_CAPTURE_AUTORELEASING = YES;
				CLANG_WARN_BOOL_CONVERSION = YES;
				CLANG_WARN_COMMA = YES;
				CLANG_WARN_CONSTANT_CONVERSION = YES;
				CLANG_WARN_DEPRECATED_OBJC_IMPLEMENTATIONS = YES;
				CLANG_WARN_DIRECT_OBJC_ISA_USAGE = YES_ERROR;
				CLANG_WARN_DOCUMENTATION_COMMENTS = YES;
				CLANG_WARN_EMPTY_BODY = YES;
				CLANG_WARN_ENUM_CONVERSION = YES;
				CLANG_WARN_INFINITE_RECURSION = YES;
				CLANG_WARN_INT_CONVERSION = YES;
				CLANG_WARN_NON_LITERAL_NULL_CONVERSION = YES;
				CLANG_WARN_OBJC_IMPLICIT_RETAIN_SELF = YES;
				CLANG_WARN_OBJC_LITERAL_CONVERSION = YES;
				CLANG_WARN_OBJC_ROOT_CLASS = YES_ERROR;
				CLANG_WARN_QUOTED_INCLUDE_IN_FRAMEWORK_HEADER = YES;
				CLANG_WARN_RANGE_LOOP_ANALYSIS = YES;
				CLANG_WARN_STRICT_PROTOTYPES = YES;
				CLANG_WARN_SUSPICIOUS_MOVE = YES;
				CLANG_WARN_UNGUARDED_AVAILABILITY = YES_AGGRESSIVE;
				CLANG_WARN_UNREACHABLE_CODE = YES;
				CLANG_WARN__DUPLICATE_METHOD_MATCH = YES;
				COPY_PHASE_STRIP = NO;
				DEBUG_INFORMATION_FORMAT = "dwarf-with-dsym";
				ENABLE_NS_ASSERTIONS = NO;
				ENABLE_STRICT_OBJC_MSGSEND = YES;
				ENABLE_USER_SCRIPT_SANDBOXING = YES;
				GCC_C_LANGUAGE_STANDARD = gnu17;
				GCC_NO_COMMON_BLOCKS = YES;
				GCC_WARN_64_TO_32_BIT_CONVERSION = YES;
				GCC_WARN_ABOUT_RETURN_TYPE = YES_ERROR;
				GCC_WARN_UNDECLARED_SELECTOR = YES;
				GCC_WARN_UNINITIALIZED_AUTOS = YES_AGGRESSIVE;
				GCC_WARN_UNUSED_FUNCTION = YES;
				GCC_WARN_UNUSED_VARIABLE = YES;
				IPHONEOS_DEPLOYMENT_TARGET = 17.2;
				LOCALIZATION_PREFERS_STRING_CATALOGS = YES;
				MTL_ENABLE_DEBUG_INFO = NO;
				MTL_FAST_MATH = YES;
				SDKROOT = iphoneos;
				SWIFT_COMPILATION_MODE = wholemodule;
				VALIDATE_PRODUCT = YES;
			};
			name = Release;
		};
		3F567EE12BB9F81C00C4DB61 /* Debug */ = {
			isa = XCBuildConfiguration;
			buildSettings = {
				ASSETCATALOG_COMPILER_APPICON_NAME = AppIcon;
				ASSETCATALOG_COMPILER_GLOBAL_ACCENT_COLOR_NAME = AccentColor;
				CODE_SIGN_STYLE = Automatic;
				CURRENT_PROJECT_VERSION = 1;
				DEVELOPMENT_ASSET_PATHS = "\"chapter01/Preview Content\"";
				ENABLE_PREVIEWS = YES;
				GENERATE_INFOPLIST_FILE = YES;
				INFOPLIST_KEY_UIApplicationSceneManifest_Generation = YES;
				INFOPLIST_KEY_UIApplicationSupportsIndirectInputEvents = YES;
				INFOPLIST_KEY_UILaunchScreen_Generation = YES;
				INFOPLIST_KEY_UISupportedInterfaceOrientations_iPad = "UIInterfaceOrientationPortrait UIInterfaceOrientationPortraitUpsideDown UIInterfaceOrientationLandscapeLeft UIInterfaceOrientationLandscapeRight";
				INFOPLIST_KEY_UISupportedInterfaceOrientations_iPhone = "UIInterfaceOrientationPortrait UIInterfaceOrientationLandscapeLeft UIInterfaceOrientationLandscapeRight";
				LD_RUNPATH_SEARCH_PATHS = (
					"$(inherited)",
					"@executable_path/Frameworks",
				);
				MARKETING_VERSION = 1.0;
				PRODUCT_BUNDLE_IDENTIFIER = student.chapter01;
				PRODUCT_NAME = "$(TARGET_NAME)";
				SWIFT_EMIT_LOC_STRINGS = YES;
				SWIFT_VERSION = 5.0;
				TARGETED_DEVICE_FAMILY = "1,2";
			};
			name = Debug;
		};
		3F567EE22BB9F81C00C4DB61 /* Release */ = {
			isa = XCBuildConfiguration;
			buildSettings = {
				ASSETCATALOG_COMPILER_APPICON_NAME = AppIcon;
				ASSETCATALOG_COMPILER_GLOBAL_ACCENT_COLOR_NAME = AccentColor;
				CODE_SIGN_STYLE = Automatic;
				CURRENT_PROJECT_VERSION = 1;
				DEVELOPMENT_ASSET_PATHS = "\"chapter01/Preview Content\"";
				ENABLE_PREVIEWS = YES;
				GENERATE_INFOPLIST_FILE = YES;
				INFOPLIST_KEY_UIApplicationSceneManifest_Generation = YES;
				INFOPLIST_KEY_UIApplicationSupportsIndirectInputEvents = YES;
				INFOPLIST_KEY_UILaunchScreen_Generation = YES;
				INFOPLIST_KEY_UISupportedInterfaceOrientations_iPad = "UIInterfaceOrientationPortrait UIInterfaceOrientationPortraitUpsideDown UIInterfaceOrientationLandscapeLeft UIInterfaceOrientationLandscapeRight";
				INFOPLIST_KEY_UISupportedInterfaceOrientations_iPhone = "UIInterfaceOrientationPortrait UIInterfaceOrientationLandscapeLeft UIInterfaceOrientationLandscapeRight";
				LD_RUNPATH_SEARCH_PATHS = (
					"$(inherited)",
					"@executable_path/Frameworks",
				);
				MARKETING_VERSION = 1.0;
				PRODUCT_BUNDLE_IDENTIFIER = student.chapter01;
				PRODUCT_NAME = "$(TARGET_NAME)";
				SWIFT_EMIT_LOC_STRINGS = YES;
				SWIFT_VERSION = 5.0;
				TARGETED_DEVICE_FAMILY = "1,2";
			};
			name = Release;
		};
		3F567EE42BB9F81C00C4DB61 /* Debug */ = {
			isa = XCBuildConfiguration;
			buildSettings = {
				ALWAYS_EMBED_SWIFT_STANDARD_LIBRARIES = YES;
				BUNDLE_LOADER = "$(TEST_HOST)";
				CODE_SIGN_STYLE = Automatic;
				CURRENT_PROJECT_VERSION = 1;
				GENERATE_INFOPLIST_FILE = YES;
				IPHONEOS_DEPLOYMENT_TARGET = 17.2;
				MARKETING_VERSION = 1.0;
				PRODUCT_BUNDLE_IDENTIFIER = student.chapter01Tests;
				PRODUCT_NAME = "$(TARGET_NAME)";
				SWIFT_EMIT_LOC_STRINGS = NO;
				SWIFT_VERSION = 5.0;
				TARGETED_DEVICE_FAMILY = "1,2";
				TEST_HOST = "$(BUILT_PRODUCTS_DIR)/chapter01.app/$(BUNDLE_EXECUTABLE_FOLDER_PATH)/chapter01";
			};
			name = Debug;
		};
		3F567EE52BB9F81C00C4DB61 /* Release */ = {
			isa = XCBuildConfiguration;
			buildSettings = {
				ALWAYS_EMBED_SWIFT_STANDARD_LIBRARIES = YES;
				BUNDLE_LOADER = "$(TEST_HOST)";
				CODE_SIGN_STYLE = Automatic;
				CURRENT_PROJECT_VERSION = 1;
				GENERATE_INFOPLIST_FILE = YES;
				IPHONEOS_DEPLOYMENT_TARGET = 17.2;
				MARKETING_VERSION = 1.0;
				PRODUCT_BUNDLE_IDENTIFIER = student.chapter01Tests;
				PRODUCT_NAME = "$(TARGET_NAME)";
				SWIFT_EMIT_LOC_STRINGS = NO;
				SWIFT_VERSION = 5.0;
				TARGETED_DEVICE_FAMILY = "1,2";
				TEST_HOST = "$(BUILT_PRODUCTS_DIR)/chapter01.app/$(BUNDLE_EXECUTABLE_FOLDER_PATH)/chapter01";
			};
			name = Release;
		};
		3F567EE72BB9F81C00C4DB61 /* Debug */ = {
			isa = XCBuildConfiguration;
			buildSettings = {
				ALWAYS_EMBED_SWIFT_STANDARD_LIBRARIES = YES;
				CODE_SIGN_STYLE = Automatic;
				CURRENT_PROJECT_VERSION = 1;
				GENERATE_INFOPLIST_FILE = YES;
				MARKETING_VERSION = 1.0;
				PRODUCT_BUNDLE_IDENTIFIER = student.chapter01UITests;
				PRODUCT_NAME = "$(TARGET_NAME)";
				SWIFT_EMIT_LOC_STRINGS = NO;
				SWIFT_VERSION = 5.0;
				TARGETED_DEVICE_FAMILY = "1,2";
				TEST_TARGET_NAME = chapter01;
			};
			name = Debug;
		};
		3F567EE82BB9F81C00C4DB61 /* Release */ = {
			isa = XCBuildConfiguration;
			buildSettings = {
				ALWAYS_EMBED_SWIFT_STANDARD_LIBRARIES = YES;
				CODE_SIGN_STYLE = Automatic;
				CURRENT_PROJECT_VERSION = 1;
				GENERATE_INFOPLIST_FILE = YES;
				MARKETING_VERSION = 1.0;
				PRODUCT_BUNDLE_IDENTIFIER = student.chapter01UITests;
				PRODUCT_NAME = "$(TARGET_NAME)";
				SWIFT_EMIT_LOC_STRINGS = NO;
				SWIFT_VERSION = 5.0;
				TARGETED_DEVICE_FAMILY = "1,2";
				TEST_TARGET_NAME = chapter01;
			};
			name = Release;
		};
/* End XCBuildConfiguration section */

/* Begin XCConfigurationList section */
		3F567EB22BB9F81900C4DB61 /* Build configuration list for PBXProject "chapter01" */ = {
			isa = XCConfigurationList;
			buildConfigurations = (
				3F567EDE2BB9F81C00C4DB61 /* Debug */,
				3F567EDF2BB9F81C00C4DB61 /* Release */,
			);
			defaultConfigurationIsVisible = 0;
			defaultConfigurationName = Release;
		};
		3F567EE02BB9F81C00C4DB61 /* Build configuration list for PBXNativeTarget "chapter01" */ = {
			isa = XCConfigurationList;
			buildConfigurations = (
				3F567EE12BB9F81C00C4DB61 /* Debug */,
				3F567EE22BB9F81C00C4DB61 /* Release */,
			);
			defaultConfigurationIsVisible = 0;
			defaultConfigurationName = Release;
		};
		3F567EE32BB9F81C00C4DB61 /* Build configuration list for PBXNativeTarget "chapter01Tests" */ = {
			isa = XCConfigurationList;
			buildConfigurations = (
				3F567EE42BB9F81C00C4DB61 /* Debug */,
				3F567EE52BB9F81C00C4DB61 /* Release */,
			);
			defaultConfigurationIsVisible = 0;
			defaultConfigurationName = Release;
		};
		3F567EE62BB9F81C00C4DB61 /* Build configuration list for PBXNativeTarget "chapter01UITests" */ = {
			isa = XCConfigurationList;
			buildConfigurations = (
				3F567EE72BB9F81C00C4DB61 /* Debug */,
				3F567EE82BB9F81C00C4DB61 /* Release */,
			);
			defaultConfigurationIsVisible = 0;
			defaultConfigurationName = Release;
		};
/* End XCConfigurationList section */

/* Begin XCVersionGroup section */
		3F567EC52BB9F81B00C4DB61 /* chapter01.xcdatamodeld */ = {
			isa = XCVersionGroup;
			children = (
				3F567EC62BB9F81B00C4DB61 /* chapter01.xcdatamodel */,
			);
			currentVersion = 3F567EC62BB9F81B00C4DB61 /* chapter01.xcdatamodel */;
			path = chapter01.xcdatamodeld;
			sourceTree = "<group>";
			versionGroupType = wrapper.xcdatamodel;
		};
/* End XCVersionGroup section */
	};
	rootObject = 3F567EAF2BB9F81900C4DB61 /* Project object */;
}
